
Microsoft Visual Studio Solution File, Format Version 12.00
# Visual Studio 2013
VisualStudioVersion = 12.0.31101.0
MinimumVisualStudioVersion = 10.0.40219.1
Project("{FAE04EC0-301F-11D3-BF4B-00C04F79EFBC}") = "Wav.Net", "Wav.Net.csproj", "{05BB732F-9A16-4C82-A293-9D7144997242}"
EndProject
Project("{FAE04EC0-301F-11D3-BF4B-00C04F79EFBC}") = "Wav.Net.Tests", "..\Wav.Net.Tests\Wav.Net.Tests.csproj", "{80EA78B1-9FDD-4E7A-89C1-749A5A7C7F83}"
EndProject
Global
	GlobalSection(SolutionConfigurationPlatforms) = preSolution
		Debug|Any CPU = Debug|Any CPU
		Release|Any CPU = Release|Any CPU
	EndGlobalSection
	GlobalSection(ProjectConfigurationPlatforms) = postSolution
		{05BB732F-9A16-4C82-A293-9D7144997242}.Debug|Any CPU.ActiveCfg = Debug|Any CPU
		{05BB732F-9A16-4C82-A293-9D7144997242}.Debug|Any CPU.Build.0 = Debug|Any CPU
		{05BB732F-9A16-4C82-A293-9D7144997242}.Release|Any CPU.ActiveCfg = Release|Any CPU
		{05BB732F-9A16-4C82-A293-9D7144997242}.Release|Any CPU.Build.0 = Release|Any CPU
		{80EA78B1-9FDD-4E7A-89C1-749A5A7C7F83}.Debug|Any CPU.ActiveCfg = Debug|Any CPU
		{80EA78B1-9FDD-4E7A-89C1-749A5A7C7F83}.Debug|Any CPU.Build.0 = Debug|Any CPU
		{80EA78B1-9FDD-4E7A-89C1-749A5A7C7F83}.Release|Any CPU.ActiveCfg = Release|Any CPU
		{80EA78B1-9FDD-4E7A-89C1-749A5A7C7F83}.Release|Any CPU.Build.0 = Release|Any CPU
	EndGlobalSection
	GlobalSection(SolutionProperties) = preSolution
		HideSolutionNode = FALSE
	EndGlobalSection
EndGlobal
